
Microsoft Visual Studio Solution File, Format Version 12.00
# Visual Studio 15
VisualStudioVersion = 15.0.27130.2036
MinimumVisualStudioVersion = 10.0.40219.1
Project("{FAE04EC0-301F-11D3-BF4B-00C04F79EFBC}") = "Lilas", "Lilas\Lilas.csproj", "{AF69BC2B-1968-481C-B47A-D5757B762F9B}"
EndProject
Project("{FAE04EC0-301F-11D3-BF4B-00C04F79EFBC}") = "Lilas.Tests", "Lilas.Tests\Lilas.Tests.csproj", "{36AFBA1D-BE79-4570-AA6F-A4CD786B214D}"
EndProject
Global
	GlobalSection(SolutionConfigurationPlatforms) = preSolution
		Debug|Any CPU = Debug|Any CPU
		Release|Any CPU = Release|Any CPU
	EndGlobalSection
	GlobalSection(ProjectConfigurationPlatforms) = postSolution
		{AF69BC2B-1968-481C-B47A-D5757B762F9B}.Debug|Any CPU.ActiveCfg = Debug|Any CPU
		{AF69BC2B-1968-481C-B47A-D5757B762F9B}.Debug|Any CPU.Build.0 = Debug|Any CPU
		{AF69BC2B-1968-481C-B47A-D5757B762F9B}.Release|Any CPU.ActiveCfg = Release|Any CPU
		{AF69BC2B-1968-481C-B47A-D5757B762F9B}.Release|Any CPU.Build.0 = Release|Any CPU
		{36AFBA1D-BE79-4570-AA6F-A4CD786B214D}.Debug|Any CPU.ActiveCfg = Debug|Any CPU
		{36AFBA1D-BE79-4570-AA6F-A4CD786B214D}.Debug|Any CPU.Build.0 = Debug|Any CPU
		{36AFBA1D-BE79-4570-AA6F-A4CD786B214D}.Release|Any CPU.ActiveCfg = Release|Any CPU
		{36AFBA1D-BE79-4570-AA6F-A4CD786B214D}.Release|Any CPU.Build.0 = Release|Any CPU
	EndGlobalSection
	GlobalSection(SolutionProperties) = preSolution
		HideSolutionNode = FALSE
	EndGlobalSection
	GlobalSection(ExtensibilityGlobals) = postSolution
		SolutionGuid = {1F573C31-DCBE-4FBD-B601-AC55C0F46570}
	EndGlobalSection
EndGlobal
